
Microsoft Visual Studio Solution File, Format Version 12.00
# Visual Studio Version 16
VisualStudioVersion = 16.0.29806.167
MinimumVisualStudioVersion = 10.0.40219.1
Project("{FAE04EC0-301F-11D3-BF4B-00C04F79EFBC}") = "gajwa-businfo", "gajwa-businfo\gajwa-businfo.csproj", "{2021587C-7C70-4882-BBFE-4956FC9D28BA}"
EndProject
Project("{FAE04EC0-301F-11D3-BF4B-00C04F79EFBC}") = "gajwa-businfo-manager", "gajwa-businfo-manager\gajwa-businfo-manager.csproj", "{4F442F8C-4EA0-4969-BD3A-56FC72E9DCBD}"
EndProject
Project("{FAE04EC0-301F-11D3-BF4B-00C04F79EFBC}") = "errshow", "errshow\errshow.csproj", "{A9BB09AA-ABEC-439F-93E3-BD41F6ABC0D5}"
EndProject
Global
	GlobalSection(SolutionConfigurationPlatforms) = preSolution
		Debug|Any CPU = Debug|Any CPU
		Release|Any CPU = Release|Any CPU
	EndGlobalSection
	GlobalSection(ProjectConfigurationPlatforms) = postSolution
		{2021587C-7C70-4882-BBFE-4956FC9D28BA}.Debug|Any CPU.ActiveCfg = Debug|Any CPU
		{2021587C-7C70-4882-BBFE-4956FC9D28BA}.Debug|Any CPU.Build.0 = Debug|Any CPU
		{2021587C-7C70-4882-BBFE-4956FC9D28BA}.Release|Any CPU.ActiveCfg = Release|Any CPU
		{2021587C-7C70-4882-BBFE-4956FC9D28BA}.Release|Any CPU.Build.0 = Release|Any CPU
		{4F442F8C-4EA0-4969-BD3A-56FC72E9DCBD}.Debug|Any CPU.ActiveCfg = Debug|Any CPU
		{4F442F8C-4EA0-4969-BD3A-56FC72E9DCBD}.Debug|Any CPU.Build.0 = Debug|Any CPU
		{4F442F8C-4EA0-4969-BD3A-56FC72E9DCBD}.Release|Any CPU.ActiveCfg = Release|Any CPU
		{4F442F8C-4EA0-4969-BD3A-56FC72E9DCBD}.Release|Any CPU.Build.0 = Release|Any CPU
		{A9BB09AA-ABEC-439F-93E3-BD41F6ABC0D5}.Debug|Any CPU.ActiveCfg = Debug|Any CPU
		{A9BB09AA-ABEC-439F-93E3-BD41F6ABC0D5}.Debug|Any CPU.Build.0 = Debug|Any CPU
		{A9BB09AA-ABEC-439F-93E3-BD41F6ABC0D5}.Release|Any CPU.ActiveCfg = Release|Any CPU
		{A9BB09AA-ABEC-439F-93E3-BD41F6ABC0D5}.Release|Any CPU.Build.0 = Release|Any CPU
	EndGlobalSection
	GlobalSection(SolutionProperties) = preSolution
		HideSolutionNode = FALSE
	EndGlobalSection
	GlobalSection(ExtensibilityGlobals) = postSolution
		SolutionGuid = {55954655-A834-488A-9755-E85852FAB87B}
	EndGlobalSection
EndGlobal
